
Microsoft Visual Studio Solution File, Format Version 12.00
# Visual Studio Version 16
VisualStudioVersion = 16.0.29306.81
MinimumVisualStudioVersion = 10.0.40219.1
Project("{FAE04EC0-301F-11D3-BF4B-00C04F79EFBC}") = "Corona_B.I.E.R", "Corona_B.I.E.R\Corona_B.I.E.R.csproj", "{84F296C4-F16A-451A-AB2E-028159F28D78}"
EndProject
Global
	GlobalSection(SolutionConfigurationPlatforms) = preSolution
		Debug|Any CPU = Debug|Any CPU
		Release|Any CPU = Release|Any CPU
	EndGlobalSection
	GlobalSection(ProjectConfigurationPlatforms) = postSolution
		{84F296C4-F16A-451A-AB2E-028159F28D78}.Debug|Any CPU.ActiveCfg = Debug|Any CPU
		{84F296C4-F16A-451A-AB2E-028159F28D78}.Debug|Any CPU.Build.0 = Debug|Any CPU
		{84F296C4-F16A-451A-AB2E-028159F28D78}.Release|Any CPU.ActiveCfg = Release|Any CPU
		{84F296C4-F16A-451A-AB2E-028159F28D78}.Release|Any CPU.Build.0 = Release|Any CPU
	EndGlobalSection
	GlobalSection(SolutionProperties) = preSolution
		HideSolutionNode = FALSE
	EndGlobalSection
	GlobalSection(ExtensibilityGlobals) = postSolution
		SolutionGuid = {4B770569-0436-4A5B-96E7-15B1FA0D350B}
	EndGlobalSection
EndGlobal
